{
  "version": 1,
  "dependencies": {
    "net8.0-windows7.0": {
      "Microsoft.Extensions.AI.Abstractions": {
        "type": "Transitive",
        "resolved": "10.2.0",
        "contentHash": "ONGlIBht0ygEdKc0bCt9XWUiq19/460dAu7fCKzPM34OFJSMQIohEDTJwjCJ8vVp8znNakloc9xFF9+R/eDCYQ==",
        "dependencies": {
          "System.Text.Json": "10.0.2"
        }
      },
      "NAudio.Core": {
        "type": "Transitive",
        "resolved": "2.2.1",
        "contentHash": "GgkdP6K/7FqXFo7uHvoqGZTJvW4z8g2IffhOO4JHaLzKCdDOUEzVKtveoZkCuUX8eV2HAINqi7VFqlFndrnz/g=="
      },
      "NAudio.Wasapi": {
        "type": "Transitive",
        "resolved": "2.2.1",
        "contentHash": "lFfXoqacZZe0WqNChJgGYI+XV/n/61LzPHT3C1CJp4khoxeo2sziyX5wzNYWeCMNbsWxFvT3b3iXeY1UYjBhZw==",
        "dependencies": {
          "NAudio.Core": "2.2.1"
        }
      },
      "org.k2fsa.sherpa.onnx": {
        "type": "Transitive",
        "resolved": "1.13.4",
        "contentHash": "IT+CJrER3K8VWYXZNuJR2ufaiWvzlAiD2njSaLtHCeizFk8UolLZKsuYcY+VWi3f/CO5AXNrNGu7kMmpz+EkGQ==",
        "dependencies": {
          "org.k2fsa.sherpa.onnx.runtime.android-arm64": "1.13.4",
          "org.k2fsa.sherpa.onnx.runtime.linux-arm64": "1.13.4",
          "org.k2fsa.sherpa.onnx.runtime.linux-x64": "1.13.4",
          "org.k2fsa.sherpa.onnx.runtime.osx-arm64": "1.13.4",
          "org.k2fsa.sherpa.onnx.runtime.osx-x64": "1.13.4",
          "org.k2fsa.sherpa.onnx.runtime.win-arm64": "1.13.4",
          "org.k2fsa.sherpa.onnx.runtime.win-x64": "1.13.4",
          "org.k2fsa.sherpa.onnx.runtime.win-x86": "1.13.4"
        }
      },
      "org.k2fsa.sherpa.onnx.runtime.android-arm64": {
        "type": "Transitive",
        "resolved": "1.13.4",
        "contentHash": "Z1CxJ86yz0ZTihW0wdNmMVMtHUeddzH/dzEATTOpqpePM9Mam2aQEuIkwIt23KxgLzrqqSDHnThLp7vR1ve+zQ=="
      },
      "org.k2fsa.sherpa.onnx.runtime.linux-arm64": {
        "type": "Transitive",
        "resolved": "1.13.4",
        "contentHash": "ByuOqzOZumY5kMA+zF2HWLCr9KudwWi6Z1lfkgjx6W+RrglRwqBGm2esc6817VZ2Uk1eBZ4N7LP8rryZ31t8Vg=="
      },
      "org.k2fsa.sherpa.onnx.runtime.linux-x64": {
        "type": "Transitive",
        "resolved": "1.13.4",
        "contentHash": "ow80s8w4jDkq9RpUwhS0S4TEXVgk20ywYtaKEAMbMLFFSmThjwel1hbCXxrzc16zjkMHsVuxYVf/BMGdAB6Lig=="
      },
      "org.k2fsa.sherpa.onnx.runtime.osx-arm64": {
        "type": "Transitive",
        "resolved": "1.13.4",
        "contentHash": "YxDNdmQQj0Wj9IVgVG8iiPaEkJcGuVyk6F2l9+V7Kpj88ElsfqCIwno50CLpiVBAoQJzrpnnn+DlSlOJgffK8g=="
      },
      "org.k2fsa.sherpa.onnx.runtime.osx-x64": {
        "type": "Transitive",
        "resolved": "1.13.4",
        "contentHash": "TXY2HI7zJigU80pxb1ZBByHHqBzOWEouP+NScYnmBP2WIUWQ0fAmizmMYOyko8izqRwozVRrdA5O7ZgAsvLF8w=="
      },
      "org.k2fsa.sherpa.onnx.runtime.win-arm64": {
        "type": "Transitive",
        "resolved": "1.13.4",
        "contentHash": "NE/VCE1I6E4IvifCDv5oa9p5M7JatLAMSg7qdD2yz6W0GeykSF65UKn5o32o4FrUOteXjvJpMHIqGzLOa6SRQA=="
      },
      "org.k2fsa.sherpa.onnx.runtime.win-x64": {
        "type": "Transitive",
        "resolved": "1.13.4",
        "contentHash": "HETGez6u+K+h7YF8nE40iXWrEjOIKDASGqlqP8dOJf5THMpEUmRlxgr9Mvlu7bg0TeAUI3gdBDY3Ejhwdl1HNw=="
      },
      "org.k2fsa.sherpa.onnx.runtime.win-x86": {
        "type": "Transitive",
        "resolved": "1.13.4",
        "contentHash": "/sl2z1Tvhvated2kS9KWV4GBEv0tgW6F/2t+3HAYJzO0cWNs7onCQHpuc/egxsFQHYo7G8DVWyQWtsfICkDFaQ=="
      },
      "SharpCompress": {
        "type": "Transitive",
        "resolved": "0.50.1",
        "contentHash": "VY90K8BBvaAMvvRDJ8EvsfI/GgoIYxlgxMpxdgwpzaesJ0pGSHTLbZ7SD4JYxsGCnOibzua/+8HvDjV6KTw4jA=="
      },
      "System.IO.Pipelines": {
        "type": "Transitive",
        "resolved": "10.0.2",
        "contentHash": "EqMsn9r18ABvTDxrDce4OWDhBE3y+rR23ilG7Y3BudDKrDKrLG/hkD/JmeFZbctAPxSkCjyJ/Ddwbn/g7ufRJA=="
      },
      "System.Text.Encodings.Web": {
        "type": "Transitive",
        "resolved": "10.0.2",
        "contentHash": "Ro4cLT4qpRy64crfLAy3ekihtXckeXrD5eI6qb6NDSEVyHcHsmH7KgN4dbnIuiBmXIoaCslx4SynLYxag1SLSQ=="
      },
      "System.Text.Json": {
        "type": "Transitive",
        "resolved": "10.0.2",
        "contentHash": "zy8ey7I16G9neZ6uzxrnYwS7pidElzN8XarsBjGu7lE2m7afTKMEe18KbY3ZSmh/z/bR40oxjd6hlUcmOEaMHw==",
        "dependencies": {
          "System.IO.Pipelines": "10.0.2",
          "System.Text.Encodings.Web": "10.0.2"
        }
      },
      "Whisper.net": {
        "type": "Transitive",
        "resolved": "1.9.1",
        "contentHash": "82WAKyyMun44cAXE80sP7vIra1oYhbVp2WrnqJm0CISTfMAvint1k/umt0SvsQH+IkDyekZ3BgMdS3Rag9SZ5A==",
        "dependencies": {
          "Microsoft.Extensions.AI.Abstractions": "10.2.0"
        }
      },
      "Whisper.net.Runtime": {
        "type": "Transitive",
        "resolved": "1.9.1",
        "contentHash": "TipPJkry69VwJ3XL38U082QK5Trqte6NgSOoosuyj/C1eRHabmBbLQ3ujjcDryg5pkXT7wXwAKU5+PxGIJyxkQ==",
        "dependencies": {
          "Whisper.net.Runtime.Metal": "1.9.1"
        }
      },
      "Whisper.net.Runtime.Metal": {
        "type": "Transitive",
        "resolved": "1.9.1",
        "contentHash": "Ut5tZyCUwXMVdThoLvdvQ7GyLwjRMreR/p3LuMJvRiXidQ2AXxx2Tv8UOGtMxvL395AC3+IkHdN/kMfd+EPSEw=="
      },
      "Whisper.net.Runtime.Vulkan": {
        "type": "Transitive",
        "resolved": "1.9.1",
        "contentHash": "2kynHvbAczuEYHKRIR9NYg8xiXaGZHW3hb1Ts+N2dNcmVpA87xJWxA07yDiFnf5+vXz428wK57YWNvxqTJdkKw=="
      },
      "Patchthrough": {
        "type": "Project",
        "dependencies": {
          "NAudio.Wasapi": "[2.2.1, 2.2.1]",
          "Patchthrough.Core": "[1.0.0, )",
          "SharpCompress": "[0.50.1, 0.50.1]",
          "Whisper.net": "[1.9.1, 1.9.1]",
          "Whisper.net.Runtime": "[1.9.1, 1.9.1]",
          "Whisper.net.Runtime.Vulkan": "[1.9.1, 1.9.1]",
          "org.k2fsa.sherpa.onnx": "[1.13.4, 1.13.4]"
        }
      },
      "patchthrough.core": {
        "type": "Project"
      }
    },
    "net8.0-windows7.0/win-x64": {
      "org.k2fsa.sherpa.onnx.runtime.android-arm64": {
        "type": "Transitive",
        "resolved": "1.13.4",
        "contentHash": "Z1CxJ86yz0ZTihW0wdNmMVMtHUeddzH/dzEATTOpqpePM9Mam2aQEuIkwIt23KxgLzrqqSDHnThLp7vR1ve+zQ=="
      },
      "org.k2fsa.sherpa.onnx.runtime.linux-arm64": {
        "type": "Transitive",
        "resolved": "1.13.4",
        "contentHash": "ByuOqzOZumY5kMA+zF2HWLCr9KudwWi6Z1lfkgjx6W+RrglRwqBGm2esc6817VZ2Uk1eBZ4N7LP8rryZ31t8Vg=="
      },
      "org.k2fsa.sherpa.onnx.runtime.linux-x64": {
        "type": "Transitive",
        "resolved": "1.13.4",
        "contentHash": "ow80s8w4jDkq9RpUwhS0S4TEXVgk20ywYtaKEAMbMLFFSmThjwel1hbCXxrzc16zjkMHsVuxYVf/BMGdAB6Lig=="
      },
      "org.k2fsa.sherpa.onnx.runtime.osx-arm64": {
        "type": "Transitive",
        "resolved": "1.13.4",
        "contentHash": "YxDNdmQQj0Wj9IVgVG8iiPaEkJcGuVyk6F2l9+V7Kpj88ElsfqCIwno50CLpiVBAoQJzrpnnn+DlSlOJgffK8g=="
      },
      "org.k2fsa.sherpa.onnx.runtime.osx-x64": {
        "type": "Transitive",
        "resolved": "1.13.4",
        "contentHash": "TXY2HI7zJigU80pxb1ZBByHHqBzOWEouP+NScYnmBP2WIUWQ0fAmizmMYOyko8izqRwozVRrdA5O7ZgAsvLF8w=="
      },
      "org.k2fsa.sherpa.onnx.runtime.win-arm64": {
        "type": "Transitive",
        "resolved": "1.13.4",
        "contentHash": "NE/VCE1I6E4IvifCDv5oa9p5M7JatLAMSg7qdD2yz6W0GeykSF65UKn5o32o4FrUOteXjvJpMHIqGzLOa6SRQA=="
      },
      "org.k2fsa.sherpa.onnx.runtime.win-x64": {
        "type": "Transitive",
        "resolved": "1.13.4",
        "contentHash": "HETGez6u+K+h7YF8nE40iXWrEjOIKDASGqlqP8dOJf5THMpEUmRlxgr9Mvlu7bg0TeAUI3gdBDY3Ejhwdl1HNw=="
      },
      "org.k2fsa.sherpa.onnx.runtime.win-x86": {
        "type": "Transitive",
        "resolved": "1.13.4",
        "contentHash": "/sl2z1Tvhvated2kS9KWV4GBEv0tgW6F/2t+3HAYJzO0cWNs7onCQHpuc/egxsFQHYo7G8DVWyQWtsfICkDFaQ=="
      },
      "System.Text.Encodings.Web": {
        "type": "Transitive",
        "resolved": "10.0.2",
        "contentHash": "Ro4cLT4qpRy64crfLAy3ekihtXckeXrD5eI6qb6NDSEVyHcHsmH7KgN4dbnIuiBmXIoaCslx4SynLYxag1SLSQ=="
      }
    }
  }
}